GIT
  remote: https://github.com/jwmayfield/puppet-fonts.git
  ref: HEAD
  sha: d99efd09ec2cd88c70d2993eb6369671f719db60
  specs:
    fonts (0.0.1)

GIT
  remote: https://github.com/jwmayfield/puppet-repository.git
  ref: HEAD
  sha: e87404fc4036ddec2d5240761ee631c81012eacd
  specs:
    repository (0.0.1)

GITHUBTARBALL
  remote: boxen/puppet-boxen
  specs:
    boxen (3.10.4)

GITHUBTARBALL
  remote: boxen/puppet-brewcask
  specs:
    brewcask (0.0.6)

GITHUBTARBALL
  remote: boxen/puppet-gcc
  specs:
    gcc (2.2.1)

GITHUBTARBALL
  remote: boxen/puppet-git
  specs:
    git (2.7.9)

GITHUBTARBALL
  remote: boxen/puppet-homebrew
  specs:
    homebrew (1.12.0)

GITHUBTARBALL
  remote: boxen/puppet-hub
  specs:
    hub (1.4.1)

GITHUBTARBALL
  remote: boxen/puppet-nodejs
  specs:
    nodejs (4.0.1)

GITHUBTARBALL
  remote: boxen/puppet-openssl
  specs:
    openssl (1.0.0)

GITHUBTARBALL
  remote: boxen/puppet-osx
  specs:
    osx (2.8.0)

GITHUBTARBALL
  remote: boxen/puppet-pkgconfig
  specs:
    pkgconfig (1.0.0)

GITHUBTARBALL
  remote: boxen/puppet-sudo
  specs:
    sudo (1.0.0)

GITHUBTARBALL
  remote: boxen/puppet-vim
  specs:
    vim (1.0.5)

GITHUBTARBALL
  remote: boxen/puppet-xquartz
  specs:
    xquartz (1.2.1)

GITHUBTARBALL
  remote: puppetlabs/puppetlabs-inifile
  specs:
    inifile (1.1.1)

GITHUBTARBALL
  remote: puppetlabs/puppetlabs-stdlib
  specs:
    stdlib (4.2.1)

GITHUBTARBALL
  remote: ripienaar/puppet-module-data
  specs:
    module_data (0.0.3)

DEPENDENCIES
  boxen (= 3.10.4)
  brewcask (= 0.0.6)
  fonts (>= 0)
  gcc (= 2.2.1)
  git (= 2.7.9)
  homebrew (= 1.12.0)
  hub (= 1.4.1)
  inifile (= 1.1.1)
  module_data (= 0.0.3)
  nodejs (= 4.0.1)
  openssl (= 1.0.0)
  osx (= 2.8.0)
  pkgconfig (= 1.0.0)
  repository (>= 0)
  stdlib (= 4.2.1)
  sudo (= 1.0.0)
  vim (= 1.0.5)
  xquartz (= 1.2.1)

